
Microsoft Visual Studio Solution File, Format Version 12.00
# Visual Studio Version 17
VisualStudioVersion = 17.5.33516.290
MinimumVisualStudioVersion = 10.0.40219.1
Project("{FAE04EC0-301F-11D3-BF4B-00C04F79EFBC}") = "ServidorAPI_MAUI", "ServidorAPI_MAUI\ServidorAPI_MAUI.csproj", "{67A259DC-9329-4D0D-96E2-F00A0B15C79E}"
EndProject
Global
	GlobalSection(SolutionConfigurationPlatforms) = preSolution
		Debug|Any CPU = Debug|Any CPU
		Release|Any CPU = Release|Any CPU
	EndGlobalSection
	GlobalSection(ProjectConfigurationPlatforms) = postSolution
		{67A259DC-9329-4D0D-96E2-F00A0B15C79E}.Debug|Any CPU.ActiveCfg = Debug|Any CPU
		{67A259DC-9329-4D0D-96E2-F00A0B15C79E}.Debug|Any CPU.Build.0 = Debug|Any CPU
		{67A259DC-9329-4D0D-96E2-F00A0B15C79E}.Release|Any CPU.ActiveCfg = Release|Any CPU
		{67A259DC-9329-4D0D-96E2-F00A0B15C79E}.Release|Any CPU.Build.0 = Release|Any CPU
	EndGlobalSection
	GlobalSection(SolutionProperties) = preSolution
		HideSolutionNode = FALSE
	EndGlobalSection
	GlobalSection(ExtensibilityGlobals) = postSolution
		SolutionGuid = {AA5868E8-D2A9-4ACC-9CB9-BCD558A1B46A}
	EndGlobalSection
EndGlobal
